
Microsoft Visual Studio Solution File, Format Version 12.00
# Visual Studio Version 17
VisualStudioVersion = 17.0.31903.59
MinimumVisualStudioVersion = 10.0.40219.1
Project("{2150E333-8FDC-42A3-9474-1A3956D46DE8}") = "src", "src", "{590C17D6-5105-420B-9C43-912F8C53E8B4}"
EndProject
Project("{FAE04EC0-301F-11D3-BF4B-00C04F79EFBC}") = "Kuntur.API.Host", "src\Kuntur.API.Host\Kuntur.API.Host.csproj", "{DCE34561-493D-4FE0-8441-2BD2A8D4D70F}"
EndProject
Project("{FAE04EC0-301F-11D3-BF4B-00C04F79EFBC}") = "Kuntur.API.Catalog", "src\Kuntur.API.Catalog\Kuntur.API.Catalog.csproj", "{0A502BC1-0DF6-40C2-B1C9-0C1C54DBF796}"
EndProject
Project("{FAE04EC0-301F-11D3-BF4B-00C04F79EFBC}") = "Kuntur.API.Identity", "src\Kuntur.API.Identity\Kuntur.API.Identity.csproj", "{D26102DF-381B-451C-A098-BE8A0E6DD1A8}"
EndProject
Project("{FAE04EC0-301F-11D3-BF4B-00C04F79EFBC}") = "Kuntur.API.Inventory", "src\Kuntur.API.Inventory\Kuntur.API.Inventory.csproj", "{923FC683-BEDD-4883-B645-2347723D64FB}"
EndProject
Project("{FAE04EC0-301F-11D3-BF4B-00C04F79EFBC}") = "Kuntur.API.Logistics", "src\Kuntur.API.Logistics\Kuntur.API.Logistics.csproj", "{2B70ADA5-FD58-4637-AFDC-61B6DF0C3DCB}"
EndProject
Project("{FAE04EC0-301F-11D3-BF4B-00C04F79EFBC}") = "Kuntur.API.Orders", "src\Kuntur.API.Orders\Kuntur.API.Orders.csproj", "{E52B2E33-ED5F-4FF2-9AFF-26288FA93C96}"
EndProject
Project("{FAE04EC0-301F-11D3-BF4B-00C04F79EFBC}") = "Kuntur.API.Payments", "src\Kuntur.API.Payments\Kuntur.API.Payments.csproj", "{8E3A0124-BE07-4B14-B807-2A9F0C46AA44}"
EndProject
Project("{FAE04EC0-301F-11D3-BF4B-00C04F79EFBC}") = "Kuntur.API.Shared", "src\Kuntur.API.Shared\Kuntur.API.Shared.csproj", "{2BF86EC4-E9C3-469E-BEDA-E2A4E8A63A93}"
EndProject
Project("{FAE04EC0-301F-11D3-BF4B-00C04F79EFBC}") = "Kuntur.API.Cart", "src\Kuntur.API.Cart\Kuntur.API.Cart.csproj", "{7FC311D9-04A1-412D-8D7E-8BF14F76F557}"
EndProject
Project("{FAE04EC0-301F-11D3-BF4B-00C04F79EFBC}") = "Kuntur.API.Marketplace", "src\Kuntur.API.Marketplace\Kuntur.API.Marketplace.csproj", "{18581B65-C02F-475D-9C58-DE933EFCAAEA}"
EndProject
Project("{FAE04EC0-301F-11D3-BF4B-00C04F79EFBC}") = "Kuntur.API.Identity.Contracts", "src\Kuntur.API.Identity.Contracts\Kuntur.API.Identity.Contracts.csproj", "{176455D2-03C1-4FA1-BD2C-285FE5E96CD8}"
EndProject
Project("{FAE04EC0-301F-11D3-BF4B-00C04F79EFBC}") = "Kuntur.API.Marketplace.Contracts", "src\Kuntur.API.Marketplace.Contracts\Kuntur.API.Marketplace.Contracts.csproj", "{DB101EB2-EEFB-4341-8647-1D5E571D514E}"
EndProject
Project("{FAE04EC0-301F-11D3-BF4B-00C04F79EFBC}") = "Kuntur.API.Onboarding", "src\Kuntur.API.Onboarding\Kuntur.API.Onboarding.csproj", "{A287BE14-CD20-4150-BC37-4FFC51883769}"
EndProject
Project("{2150E333-8FDC-42A3-9474-1A3956D46DE8}") = "Identity Management", "Identity Management", "{ECF2A046-DD76-5E45-D7E7-668065C7B4CB}"
EndProject
Project("{FAE04EC0-301F-11D3-BF4B-00C04F79EFBC}") = "Kuntur.Worker.Host", "src\Kuntur.Worker.Host\Kuntur.Worker.Host.csproj", "{C28279CC-CE1E-4F29-B887-BC99C8DDF4B1}"
EndProject
Project("{FAE04EC0-301F-11D3-BF4B-00C04F79EFBC}") = "Kuntur.Worker.Notifications", "src\Kuntur.Worker.Notifications\Kuntur.Worker.Notifications.csproj", "{E77C8E10-A271-4440-AFC9-1C8B1FEE2F8C}"
EndProject
Project("{FAE04EC0-301F-11D3-BF4B-00C04F79EFBC}") = "Kuntur.API.RiskEvaluator.Host", "src\Kuntur.API.RiskEvaluator.Host\Kuntur.API.RiskEvaluator.Host.csproj", "{90E1D804-B0B7-4B1E-A85A-9B8B0EA882D6}"
EndProject
Project("{FAE04EC0-301F-11D3-BF4B-00C04F79EFBC}") = "Kuntur.SharedKernel", "src\Kuntur.SharedKernel\Kuntur.SharedKernel.csproj", "{A2F85FBD-548D-4D07-840C-C15CAE28F345}"
EndProject
Project("{FAE04EC0-301F-11D3-BF4B-00C04F79EFBC}") = "Kuntur.Shared", "src\Kuntur.Shared\Kuntur.Shared.csproj", "{D67B6CEF-B80D-419F-B9B4-3EDA30A4AA55}"
EndProject
Global
	GlobalSection(SolutionConfigurationPlatforms) = preSolution
		Debug|Any CPU = Debug|Any CPU
		Release|Any CPU = Release|Any CPU
	EndGlobalSection
	GlobalSection(ProjectConfigurationPlatforms) = postSolution
		{DCE34561-493D-4FE0-8441-2BD2A8D4D70F}.Debug|Any CPU.ActiveCfg = Debug|Any CPU
		{DCE34561-493D-4FE0-8441-2BD2A8D4D70F}.Debug|Any CPU.Build.0 = Debug|Any CPU
		{DCE34561-493D-4FE0-8441-2BD2A8D4D70F}.Release|Any CPU.ActiveCfg = Release|Any CPU
		{DCE34561-493D-4FE0-8441-2BD2A8D4D70F}.Release|Any CPU.Build.0 = Release|Any CPU
		{0A502BC1-0DF6-40C2-B1C9-0C1C54DBF796}.Debug|Any CPU.ActiveCfg = Debug|Any CPU
		{0A502BC1-0DF6-40C2-B1C9-0C1C54DBF796}.Debug|Any CPU.Build.0 = Debug|Any CPU
		{0A502BC1-0DF6-40C2-B1C9-0C1C54DBF796}.Release|Any CPU.ActiveCfg = Release|Any CPU
		{0A502BC1-0DF6-40C2-B1C9-0C1C54DBF796}.Release|Any CPU.Build.0 = Release|Any CPU
		{D26102DF-381B-451C-A098-BE8A0E6DD1A8}.Debug|Any CPU.ActiveCfg = Debug|Any CPU
		{D26102DF-381B-451C-A098-BE8A0E6DD1A8}.Debug|Any CPU.Build.0 = Debug|Any CPU
		{D26102DF-381B-451C-A098-BE8A0E6DD1A8}.Release|Any CPU.ActiveCfg = Release|Any CPU
		{D26102DF-381B-451C-A098-BE8A0E6DD1A8}.Release|Any CPU.Build.0 = Release|Any CPU
		{923FC683-BEDD-4883-B645-2347723D64FB}.Debug|Any CPU.ActiveCfg = Debug|Any CPU
		{923FC683-BEDD-4883-B645-2347723D64FB}.Debug|Any CPU.Build.0 = Debug|Any CPU
		{923FC683-BEDD-4883-B645-2347723D64FB}.Release|Any CPU.ActiveCfg = Release|Any CPU
		{923FC683-BEDD-4883-B645-2347723D64FB}.Release|Any CPU.Build.0 = Release|Any CPU
		{2B70ADA5-FD58-4637-AFDC-61B6DF0C3DCB}.Debug|Any CPU.ActiveCfg = Debug|Any CPU
		{2B70ADA5-FD58-4637-AFDC-61B6DF0C3DCB}.Debug|Any CPU.Build.0 = Debug|Any CPU
		{2B70ADA5-FD58-4637-AFDC-61B6DF0C3DCB}.Release|Any CPU.ActiveCfg = Release|Any CPU
		{2B70ADA5-FD58-4637-AFDC-61B6DF0C3DCB}.Release|Any CPU.Build.0 = Release|Any CPU
		{E52B2E33-ED5F-4FF2-9AFF-26288FA93C96}.Debug|Any CPU.ActiveCfg = Debug|Any CPU
		{E52B2E33-ED5F-4FF2-9AFF-26288FA93C96}.Debug|Any CPU.Build.0 = Debug|Any CPU
		{E52B2E33-ED5F-4FF2-9AFF-26288FA93C96}.Release|Any CPU.ActiveCfg = Release|Any CPU
		{E52B2E33-ED5F-4FF2-9AFF-26288FA93C96}.Release|Any CPU.Build.0 = Release|Any CPU
		{8E3A0124-BE07-4B14-B807-2A9F0C46AA44}.Debug|Any CPU.ActiveCfg = Debug|Any CPU
		{8E3A0124-BE07-4B14-B807-2A9F0C46AA44}.Debug|Any CPU.Build.0 = Debug|Any CPU
		{8E3A0124-BE07-4B14-B807-2A9F0C46AA44}.Release|Any CPU.ActiveCfg = Release|Any CPU
		{8E3A0124-BE07-4B14-B807-2A9F0C46AA44}.Release|Any CPU.Build.0 = Release|Any CPU
		{2BF86EC4-E9C3-469E-BEDA-E2A4E8A63A93}.Debug|Any CPU.ActiveCfg = Debug|Any CPU
		{2BF86EC4-E9C3-469E-BEDA-E2A4E8A63A93}.Debug|Any CPU.Build.0 = Debug|Any CPU
		{2BF86EC4-E9C3-469E-BEDA-E2A4E8A63A93}.Release|Any CPU.ActiveCfg = Release|Any CPU
		{2BF86EC4-E9C3-469E-BEDA-E2A4E8A63A93}.Release|Any CPU.Build.0 = Release|Any CPU
		{7FC311D9-04A1-412D-8D7E-8BF14F76F557}.Debug|Any CPU.ActiveCfg = Debug|Any CPU
		{7FC311D9-04A1-412D-8D7E-8BF14F76F557}.Debug|Any CPU.Build.0 = Debug|Any CPU
		{7FC311D9-04A1-412D-8D7E-8BF14F76F557}.Release|Any CPU.ActiveCfg = Release|Any CPU
		{7FC311D9-04A1-412D-8D7E-8BF14F76F557}.Release|Any CPU.Build.0 = Release|Any CPU
		{18581B65-C02F-475D-9C58-DE933EFCAAEA}.Debug|Any CPU.ActiveCfg = Debug|Any CPU
		{18581B65-C02F-475D-9C58-DE933EFCAAEA}.Debug|Any CPU.Build.0 = Debug|Any CPU
		{18581B65-C02F-475D-9C58-DE933EFCAAEA}.Release|Any CPU.ActiveCfg = Release|Any CPU
		{18581B65-C02F-475D-9C58-DE933EFCAAEA}.Release|Any CPU.Build.0 = Release|Any CPU
		{176455D2-03C1-4FA1-BD2C-285FE5E96CD8}.Debug|Any CPU.ActiveCfg = Debug|Any CPU
		{176455D2-03C1-4FA1-BD2C-285FE5E96CD8}.Debug|Any CPU.Build.0 = Debug|Any CPU
		{176455D2-03C1-4FA1-BD2C-285FE5E96CD8}.Release|Any CPU.ActiveCfg = Release|Any CPU
		{176455D2-03C1-4FA1-BD2C-285FE5E96CD8}.Release|Any CPU.Build.0 = Release|Any CPU
		{DB101EB2-EEFB-4341-8647-1D5E571D514E}.Debug|Any CPU.ActiveCfg = Debug|Any CPU
		{DB101EB2-EEFB-4341-8647-1D5E571D514E}.Debug|Any CPU.Build.0 = Debug|Any CPU
		{DB101EB2-EEFB-4341-8647-1D5E571D514E}.Release|Any CPU.ActiveCfg = Release|Any CPU
		{DB101EB2-EEFB-4341-8647-1D5E571D514E}.Release|Any CPU.Build.0 = Release|Any CPU
		{A287BE14-CD20-4150-BC37-4FFC51883769}.Debug|Any CPU.ActiveCfg = Debug|Any CPU
		{A287BE14-CD20-4150-BC37-4FFC51883769}.Debug|Any CPU.Build.0 = Debug|Any CPU
		{A287BE14-CD20-4150-BC37-4FFC51883769}.Release|Any CPU.ActiveCfg = Release|Any CPU
		{A287BE14-CD20-4150-BC37-4FFC51883769}.Release|Any CPU.Build.0 = Release|Any CPU
		{C28279CC-CE1E-4F29-B887-BC99C8DDF4B1}.Debug|Any CPU.ActiveCfg = Debug|Any CPU
		{C28279CC-CE1E-4F29-B887-BC99C8DDF4B1}.Debug|Any CPU.Build.0 = Debug|Any CPU
		{C28279CC-CE1E-4F29-B887-BC99C8DDF4B1}.Release|Any CPU.ActiveCfg = Release|Any CPU
		{C28279CC-CE1E-4F29-B887-BC99C8DDF4B1}.Release|Any CPU.Build.0 = Release|Any CPU
		{E77C8E10-A271-4440-AFC9-1C8B1FEE2F8C}.Debug|Any CPU.ActiveCfg = Debug|Any CPU
		{E77C8E10-A271-4440-AFC9-1C8B1FEE2F8C}.Debug|Any CPU.Build.0 = Debug|Any CPU
		{E77C8E10-A271-4440-AFC9-1C8B1FEE2F8C}.Release|Any CPU.ActiveCfg = Release|Any CPU
		{E77C8E10-A271-4440-AFC9-1C8B1FEE2F8C}.Release|Any CPU.Build.0 = Release|Any CPU
		{90E1D804-B0B7-4B1E-A85A-9B8B0EA882D6}.Debug|Any CPU.ActiveCfg = Debug|Any CPU
		{90E1D804-B0B7-4B1E-A85A-9B8B0EA882D6}.Debug|Any CPU.Build.0 = Debug|Any CPU
		{90E1D804-B0B7-4B1E-A85A-9B8B0EA882D6}.Release|Any CPU.ActiveCfg = Release|Any CPU
		{90E1D804-B0B7-4B1E-A85A-9B8B0EA882D6}.Release|Any CPU.Build.0 = Release|Any CPU
		{A2F85FBD-548D-4D07-840C-C15CAE28F345}.Debug|Any CPU.ActiveCfg = Debug|Any CPU
		{A2F85FBD-548D-4D07-840C-C15CAE28F345}.Debug|Any CPU.Build.0 = Debug|Any CPU
		{A2F85FBD-548D-4D07-840C-C15CAE28F345}.Release|Any CPU.ActiveCfg = Release|Any CPU
		{A2F85FBD-548D-4D07-840C-C15CAE28F345}.Release|Any CPU.Build.0 = Release|Any CPU
		{D67B6CEF-B80D-419F-B9B4-3EDA30A4AA55}.Debug|Any CPU.ActiveCfg = Debug|Any CPU
		{D67B6CEF-B80D-419F-B9B4-3EDA30A4AA55}.Debug|Any CPU.Build.0 = Debug|Any CPU
		{D67B6CEF-B80D-419F-B9B4-3EDA30A4AA55}.Release|Any CPU.ActiveCfg = Release|Any CPU
		{D67B6CEF-B80D-419F-B9B4-3EDA30A4AA55}.Release|Any CPU.Build.0 = Release|Any CPU
	EndGlobalSection
	GlobalSection(SolutionProperties) = preSolution
		HideSolutionNode = FALSE
	EndGlobalSection
	GlobalSection(NestedProjects) = preSolution
		{DCE34561-493D-4FE0-8441-2BD2A8D4D70F} = {590C17D6-5105-420B-9C43-912F8C53E8B4}
		{0A502BC1-0DF6-40C2-B1C9-0C1C54DBF796} = {590C17D6-5105-420B-9C43-912F8C53E8B4}
		{D26102DF-381B-451C-A098-BE8A0E6DD1A8} = {590C17D6-5105-420B-9C43-912F8C53E8B4}
		{923FC683-BEDD-4883-B645-2347723D64FB} = {590C17D6-5105-420B-9C43-912F8C53E8B4}
		{2B70ADA5-FD58-4637-AFDC-61B6DF0C3DCB} = {590C17D6-5105-420B-9C43-912F8C53E8B4}
		{E52B2E33-ED5F-4FF2-9AFF-26288FA93C96} = {590C17D6-5105-420B-9C43-912F8C53E8B4}
		{8E3A0124-BE07-4B14-B807-2A9F0C46AA44} = {590C17D6-5105-420B-9C43-912F8C53E8B4}
		{2BF86EC4-E9C3-469E-BEDA-E2A4E8A63A93} = {590C17D6-5105-420B-9C43-912F8C53E8B4}
		{7FC311D9-04A1-412D-8D7E-8BF14F76F557} = {590C17D6-5105-420B-9C43-912F8C53E8B4}
		{18581B65-C02F-475D-9C58-DE933EFCAAEA} = {590C17D6-5105-420B-9C43-912F8C53E8B4}
		{176455D2-03C1-4FA1-BD2C-285FE5E96CD8} = {590C17D6-5105-420B-9C43-912F8C53E8B4}
		{DB101EB2-EEFB-4341-8647-1D5E571D514E} = {590C17D6-5105-420B-9C43-912F8C53E8B4}
		{A287BE14-CD20-4150-BC37-4FFC51883769} = {590C17D6-5105-420B-9C43-912F8C53E8B4}
		{ECF2A046-DD76-5E45-D7E7-668065C7B4CB} = {590C17D6-5105-420B-9C43-912F8C53E8B4}
		{C28279CC-CE1E-4F29-B887-BC99C8DDF4B1} = {590C17D6-5105-420B-9C43-912F8C53E8B4}
		{E77C8E10-A271-4440-AFC9-1C8B1FEE2F8C} = {590C17D6-5105-420B-9C43-912F8C53E8B4}
		{90E1D804-B0B7-4B1E-A85A-9B8B0EA882D6} = {590C17D6-5105-420B-9C43-912F8C53E8B4}
		{A2F85FBD-548D-4D07-840C-C15CAE28F345} = {590C17D6-5105-420B-9C43-912F8C53E8B4}
		{D67B6CEF-B80D-419F-B9B4-3EDA30A4AA55} = {590C17D6-5105-420B-9C43-912F8C53E8B4}
	EndGlobalSection
EndGlobal
